
Microsoft Visual Studio Solution File, Format Version 12.00
# Visual Studio Version 17
VisualStudioVersion = 17.14.36221.1 d17.14
MinimumVisualStudioVersion = 10.0.40219.1
Project("{8BC9CEB8-8B4A-11D0-8D11-00A0C91BC942}") = "8-ReinaVSTorres", "8-ReinaVSTorres.vcxproj", "{B4382E6F-1C11-4DB6-9C09-FA1D01A0707D}"
EndProject
Global
	GlobalSection(SolutionConfigurationPlatforms) = preSolution
		Debug|x64 = Debug|x64
		Debug|x86 = Debug|x86
		Release|x64 = Release|x64
		Release|x86 = Release|x86
	EndGlobalSection
	GlobalSection(ProjectConfigurationPlatforms) = postSolution
		{B4382E6F-1C11-4DB6-9C09-FA1D01A0707D}.Debug|x64.ActiveCfg = Debug|x64
		{B4382E6F-1C11-4DB6-9C09-FA1D01A0707D}.Debug|x64.Build.0 = Debug|x64
		{B4382E6F-1C11-4DB6-9C09-FA1D01A0707D}.Debug|x86.ActiveCfg = Debug|Win32
		{B4382E6F-1C11-4DB6-9C09-FA1D01A0707D}.Debug|x86.Build.0 = Debug|Win32
		{B4382E6F-1C11-4DB6-9C09-FA1D01A0707D}.Release|x64.ActiveCfg = Release|x64
		{B4382E6F-1C11-4DB6-9C09-FA1D01A0707D}.Release|x64.Build.0 = Release|x64
		{B4382E6F-1C11-4DB6-9C09-FA1D01A0707D}.Release|x86.ActiveCfg = Release|Win32
		{B4382E6F-1C11-4DB6-9C09-FA1D01A0707D}.Release|x86.Build.0 = Release|Win32
	EndGlobalSection
	GlobalSection(SolutionProperties) = preSolution
		HideSolutionNode = FALSE
	EndGlobalSection
	GlobalSection(ExtensibilityGlobals) = postSolution
		SolutionGuid = {E5062032-BDC4-4CAA-A665-AB5BE72761E5}
	EndGlobalSection
EndGlobal
